
Microsoft Visual Studio Solution File, Format Version 12.00
# Visual Studio Version 17
VisualStudioVersion = 17.0.31903.59
MinimumVisualStudioVersion = 10.0.40219.1
Project("{2150E333-8FDC-42A3-9474-1A3956D46DE8}") = "01_modul", "01_modul", "{B3CD55D8-AE32-4F23-AFA6-F4701DBC1B9D}"
EndProject
Project("{FAE04EC0-301F-11D3-BF4B-00C04F79EFBC}") = "opg1", "01_modul\opg1\opg1.csproj", "{47F0B9A4-2A5D-4A97-9DE3-4F6212F2A7D2}"
EndProject
Project("{FAE04EC0-301F-11D3-BF4B-00C04F79EFBC}") = "opg2", "01_modul\opg2\opg2.csproj", "{B9F1630F-EC92-491C-B2F2-1B700A9DDCBC}"
EndProject
Project("{FAE04EC0-301F-11D3-BF4B-00C04F79EFBC}") = "opg3", "01_modul\opg3\opg3.csproj", "{E8251142-17DF-41F0-8F69-C27D190F5246}"
EndProject
Project("{FAE04EC0-301F-11D3-BF4B-00C04F79EFBC}") = "opg4", "01_modul\opg4\opg4.csproj", "{067A26E0-177A-4312-8DCA-E6A70721B6C0}"
EndProject
Project("{FAE04EC0-301F-11D3-BF4B-00C04F79EFBC}") = "opg5", "01_modul\opg5\opg5.csproj", "{D89B627F-51D6-4A99-A5EF-09BEF94E71A0}"
EndProject
Project("{2150E333-8FDC-42A3-9474-1A3956D46DE8}") = "02_modul", "02_modul", "{E040077A-C1B9-4957-B628-3571E008FE48}"
EndProject
Project("{FAE04EC0-301F-11D3-BF4B-00C04F79EFBC}") = "opg1", "02_modul\opg1\opg1.csproj", "{B52D7479-6203-4ADE-8B0E-7145D8729AE5}"
EndProject
Project("{FAE04EC0-301F-11D3-BF4B-00C04F79EFBC}") = "opg2", "02_modul\opg2\opg2.csproj", "{AA408D98-3692-4217-9D6B-2265B327DECC}"
EndProject
Project("{FAE04EC0-301F-11D3-BF4B-00C04F79EFBC}") = "opg3", "02_modul\opg3\opg3.csproj", "{C4523D74-324F-49B0-ADF8-4B0794E82137}"
EndProject
Project("{FAE04EC0-301F-11D3-BF4B-00C04F79EFBC}") = "opg4", "02_modul\opg4\opg4.csproj", "{636D21E2-6948-4D19-8CD2-E4B8F8AFB40C}"
EndProject
Project("{FAE04EC0-301F-11D3-BF4B-00C04F79EFBC}") = "opg5", "02_modul\opg5\opg5.csproj", "{06EC9E29-A937-442F-AFB5-F476DB7509EF}"
EndProject
Project("{2150E333-8FDC-42A3-9474-1A3956D46DE8}") = "03_modul", "03_modul", "{197524AA-CC55-4485-8E5F-B8ED7BAFD3AA}"
EndProject
Project("{FAE04EC0-301F-11D3-BF4B-00C04F79EFBC}") = "opg1", "03_modul\opg1\opg1.csproj", "{60B8A50C-F30B-4C03-B6DB-C6C18E92E933}"
EndProject
Project("{FAE04EC0-301F-11D3-BF4B-00C04F79EFBC}") = "opg2", "03_modul\opg2\opg2.csproj", "{7752D6F8-9F53-4DA1-B4B9-C484C91737B6}"
EndProject
Project("{2150E333-8FDC-42A3-9474-1A3956D46DE8}") = "04_modul", "04_modul", "{487757EC-0146-4895-ADDE-4A203090E68D}"
EndProject
Project("{FAE04EC0-301F-11D3-BF4B-00C04F79EFBC}") = "TodoListBlazor", "04_modul\TodoListBlazor\TodoListBlazor.csproj", "{80EBF417-B7C9-44F6-BF22-5976B5525B7E}"
EndProject
Project("{2150E333-8FDC-42A3-9474-1A3956D46DE8}") = "05_modul", "05_modul", "{77E44598-3F12-4E30-B8D4-FD69D7F1D6D6}"
EndProject
Project("{FAE04EC0-301F-11D3-BF4B-00C04F79EFBC}") = "ef-sjov", "05_modul\ef-sjov\ef-sjov.csproj", "{324BD7BD-F8F0-4C3A-8200-91DAF04610BF}"
EndProject
Project("{2150E333-8FDC-42A3-9474-1A3956D46DE8}") = "06_modul", "06_modul", "{C996FF66-0436-44B2-B2A7-DD53A18F6212}"
EndProject
Project("{FAE04EC0-301F-11D3-BF4B-00C04F79EFBC}") = "ef-modul6", "06_modul\ef-modul6\ef-modul6.csproj", "{8F166104-E1A3-4210-AA09-825CA3473367}"
EndProject
Project("{2150E333-8FDC-42A3-9474-1A3956D46DE8}") = "Modul6_EF", "Modul6_EF", "{68634059-882B-450E-BA7D-AF8A7A814507}"
EndProject
Project("{FAE04EC0-301F-11D3-BF4B-00C04F79EFBC}") = "Trello", "Modul6_EF\Trello\Trello.csproj", "{D0DF8325-D4D4-4D1D-87EE-06F14128DAE8}"
EndProject
Project("{FAE04EC0-301F-11D3-BF4B-00C04F79EFBC}") = "TodoApi", "06_modul_book-api-ef-kopi\TodoApi.csproj", "{3DE9141A-D12D-4E32-B665-AD609872ED55}"
EndProject
Global
	GlobalSection(SolutionConfigurationPlatforms) = preSolution
		Debug|Any CPU = Debug|Any CPU
		Release|Any CPU = Release|Any CPU
	EndGlobalSection
	GlobalSection(SolutionProperties) = preSolution
		HideSolutionNode = FALSE
	EndGlobalSection
	GlobalSection(ProjectConfigurationPlatforms) = postSolution
		{47F0B9A4-2A5D-4A97-9DE3-4F6212F2A7D2}.Debug|Any CPU.ActiveCfg = Debug|Any CPU
		{47F0B9A4-2A5D-4A97-9DE3-4F6212F2A7D2}.Debug|Any CPU.Build.0 = Debug|Any CPU
		{47F0B9A4-2A5D-4A97-9DE3-4F6212F2A7D2}.Release|Any CPU.ActiveCfg = Release|Any CPU
		{47F0B9A4-2A5D-4A97-9DE3-4F6212F2A7D2}.Release|Any CPU.Build.0 = Release|Any CPU
		{B9F1630F-EC92-491C-B2F2-1B700A9DDCBC}.Debug|Any CPU.ActiveCfg = Debug|Any CPU
		{B9F1630F-EC92-491C-B2F2-1B700A9DDCBC}.Debug|Any CPU.Build.0 = Debug|Any CPU
		{B9F1630F-EC92-491C-B2F2-1B700A9DDCBC}.Release|Any CPU.ActiveCfg = Release|Any CPU
		{B9F1630F-EC92-491C-B2F2-1B700A9DDCBC}.Release|Any CPU.Build.0 = Release|Any CPU
		{E8251142-17DF-41F0-8F69-C27D190F5246}.Debug|Any CPU.ActiveCfg = Debug|Any CPU
		{E8251142-17DF-41F0-8F69-C27D190F5246}.Debug|Any CPU.Build.0 = Debug|Any CPU
		{E8251142-17DF-41F0-8F69-C27D190F5246}.Release|Any CPU.ActiveCfg = Release|Any CPU
		{E8251142-17DF-41F0-8F69-C27D190F5246}.Release|Any CPU.Build.0 = Release|Any CPU
		{067A26E0-177A-4312-8DCA-E6A70721B6C0}.Debug|Any CPU.ActiveCfg = Debug|Any CPU
		{067A26E0-177A-4312-8DCA-E6A70721B6C0}.Debug|Any CPU.Build.0 = Debug|Any CPU
		{067A26E0-177A-4312-8DCA-E6A70721B6C0}.Release|Any CPU.ActiveCfg = Release|Any CPU
		{067A26E0-177A-4312-8DCA-E6A70721B6C0}.Release|Any CPU.Build.0 = Release|Any CPU
		{D89B627F-51D6-4A99-A5EF-09BEF94E71A0}.Debug|Any CPU.ActiveCfg = Debug|Any CPU
		{D89B627F-51D6-4A99-A5EF-09BEF94E71A0}.Debug|Any CPU.Build.0 = Debug|Any CPU
		{D89B627F-51D6-4A99-A5EF-09BEF94E71A0}.Release|Any CPU.ActiveCfg = Release|Any CPU
		{D89B627F-51D6-4A99-A5EF-09BEF94E71A0}.Release|Any CPU.Build.0 = Release|Any CPU
		{B52D7479-6203-4ADE-8B0E-7145D8729AE5}.Debug|Any CPU.ActiveCfg = Debug|Any CPU
		{B52D7479-6203-4ADE-8B0E-7145D8729AE5}.Debug|Any CPU.Build.0 = Debug|Any CPU
		{B52D7479-6203-4ADE-8B0E-7145D8729AE5}.Release|Any CPU.ActiveCfg = Release|Any CPU
		{B52D7479-6203-4ADE-8B0E-7145D8729AE5}.Release|Any CPU.Build.0 = Release|Any CPU
		{AA408D98-3692-4217-9D6B-2265B327DECC}.Debug|Any CPU.ActiveCfg = Debug|Any CPU
		{AA408D98-3692-4217-9D6B-2265B327DECC}.Debug|Any CPU.Build.0 = Debug|Any CPU
		{AA408D98-3692-4217-9D6B-2265B327DECC}.Release|Any CPU.ActiveCfg = Release|Any CPU
		{AA408D98-3692-4217-9D6B-2265B327DECC}.Release|Any CPU.Build.0 = Release|Any CPU
		{C4523D74-324F-49B0-ADF8-4B0794E82137}.Debug|Any CPU.ActiveCfg = Debug|Any CPU
		{C4523D74-324F-49B0-ADF8-4B0794E82137}.Debug|Any CPU.Build.0 = Debug|Any CPU
		{C4523D74-324F-49B0-ADF8-4B0794E82137}.Release|Any CPU.ActiveCfg = Release|Any CPU
		{C4523D74-324F-49B0-ADF8-4B0794E82137}.Release|Any CPU.Build.0 = Release|Any CPU
		{636D21E2-6948-4D19-8CD2-E4B8F8AFB40C}.Debug|Any CPU.ActiveCfg = Debug|Any CPU
		{636D21E2-6948-4D19-8CD2-E4B8F8AFB40C}.Debug|Any CPU.Build.0 = Debug|Any CPU
		{636D21E2-6948-4D19-8CD2-E4B8F8AFB40C}.Release|Any CPU.ActiveCfg = Release|Any CPU
		{636D21E2-6948-4D19-8CD2-E4B8F8AFB40C}.Release|Any CPU.Build.0 = Release|Any CPU
		{06EC9E29-A937-442F-AFB5-F476DB7509EF}.Debug|Any CPU.ActiveCfg = Debug|Any CPU
		{06EC9E29-A937-442F-AFB5-F476DB7509EF}.Debug|Any CPU.Build.0 = Debug|Any CPU
		{06EC9E29-A937-442F-AFB5-F476DB7509EF}.Release|Any CPU.ActiveCfg = Release|Any CPU
		{06EC9E29-A937-442F-AFB5-F476DB7509EF}.Release|Any CPU.Build.0 = Release|Any CPU
		{60B8A50C-F30B-4C03-B6DB-C6C18E92E933}.Debug|Any CPU.ActiveCfg = Debug|Any CPU
		{60B8A50C-F30B-4C03-B6DB-C6C18E92E933}.Debug|Any CPU.Build.0 = Debug|Any CPU
		{60B8A50C-F30B-4C03-B6DB-C6C18E92E933}.Release|Any CPU.ActiveCfg = Release|Any CPU
		{60B8A50C-F30B-4C03-B6DB-C6C18E92E933}.Release|Any CPU.Build.0 = Release|Any CPU
		{7752D6F8-9F53-4DA1-B4B9-C484C91737B6}.Debug|Any CPU.ActiveCfg = Debug|Any CPU
		{7752D6F8-9F53-4DA1-B4B9-C484C91737B6}.Debug|Any CPU.Build.0 = Debug|Any CPU
		{7752D6F8-9F53-4DA1-B4B9-C484C91737B6}.Release|Any CPU.ActiveCfg = Release|Any CPU
		{7752D6F8-9F53-4DA1-B4B9-C484C91737B6}.Release|Any CPU.Build.0 = Release|Any CPU
		{80EBF417-B7C9-44F6-BF22-5976B5525B7E}.Debug|Any CPU.ActiveCfg = Debug|Any CPU
		{80EBF417-B7C9-44F6-BF22-5976B5525B7E}.Debug|Any CPU.Build.0 = Debug|Any CPU
		{80EBF417-B7C9-44F6-BF22-5976B5525B7E}.Release|Any CPU.ActiveCfg = Release|Any CPU
		{80EBF417-B7C9-44F6-BF22-5976B5525B7E}.Release|Any CPU.Build.0 = Release|Any CPU
		{324BD7BD-F8F0-4C3A-8200-91DAF04610BF}.Debug|Any CPU.ActiveCfg = Debug|Any CPU
		{324BD7BD-F8F0-4C3A-8200-91DAF04610BF}.Debug|Any CPU.Build.0 = Debug|Any CPU
		{324BD7BD-F8F0-4C3A-8200-91DAF04610BF}.Release|Any CPU.ActiveCfg = Release|Any CPU
		{324BD7BD-F8F0-4C3A-8200-91DAF04610BF}.Release|Any CPU.Build.0 = Release|Any CPU
		{8F166104-E1A3-4210-AA09-825CA3473367}.Debug|Any CPU.ActiveCfg = Debug|Any CPU
		{8F166104-E1A3-4210-AA09-825CA3473367}.Debug|Any CPU.Build.0 = Debug|Any CPU
		{8F166104-E1A3-4210-AA09-825CA3473367}.Release|Any CPU.ActiveCfg = Release|Any CPU
		{8F166104-E1A3-4210-AA09-825CA3473367}.Release|Any CPU.Build.0 = Release|Any CPU
		{D0DF8325-D4D4-4D1D-87EE-06F14128DAE8}.Debug|Any CPU.ActiveCfg = Debug|Any CPU
		{D0DF8325-D4D4-4D1D-87EE-06F14128DAE8}.Debug|Any CPU.Build.0 = Debug|Any CPU
		{D0DF8325-D4D4-4D1D-87EE-06F14128DAE8}.Release|Any CPU.ActiveCfg = Release|Any CPU
		{D0DF8325-D4D4-4D1D-87EE-06F14128DAE8}.Release|Any CPU.Build.0 = Release|Any CPU
		{3DE9141A-D12D-4E32-B665-AD609872ED55}.Debug|Any CPU.ActiveCfg = Debug|Any CPU
		{3DE9141A-D12D-4E32-B665-AD609872ED55}.Debug|Any CPU.Build.0 = Debug|Any CPU
		{3DE9141A-D12D-4E32-B665-AD609872ED55}.Release|Any CPU.ActiveCfg = Release|Any CPU
		{3DE9141A-D12D-4E32-B665-AD609872ED55}.Release|Any CPU.Build.0 = Release|Any CPU
	EndGlobalSection
	GlobalSection(NestedProjects) = preSolution
		{47F0B9A4-2A5D-4A97-9DE3-4F6212F2A7D2} = {B3CD55D8-AE32-4F23-AFA6-F4701DBC1B9D}
		{B9F1630F-EC92-491C-B2F2-1B700A9DDCBC} = {B3CD55D8-AE32-4F23-AFA6-F4701DBC1B9D}
		{E8251142-17DF-41F0-8F69-C27D190F5246} = {B3CD55D8-AE32-4F23-AFA6-F4701DBC1B9D}
		{067A26E0-177A-4312-8DCA-E6A70721B6C0} = {B3CD55D8-AE32-4F23-AFA6-F4701DBC1B9D}
		{D89B627F-51D6-4A99-A5EF-09BEF94E71A0} = {B3CD55D8-AE32-4F23-AFA6-F4701DBC1B9D}
		{B52D7479-6203-4ADE-8B0E-7145D8729AE5} = {E040077A-C1B9-4957-B628-3571E008FE48}
		{AA408D98-3692-4217-9D6B-2265B327DECC} = {E040077A-C1B9-4957-B628-3571E008FE48}
		{C4523D74-324F-49B0-ADF8-4B0794E82137} = {E040077A-C1B9-4957-B628-3571E008FE48}
		{636D21E2-6948-4D19-8CD2-E4B8F8AFB40C} = {E040077A-C1B9-4957-B628-3571E008FE48}
		{06EC9E29-A937-442F-AFB5-F476DB7509EF} = {E040077A-C1B9-4957-B628-3571E008FE48}
		{60B8A50C-F30B-4C03-B6DB-C6C18E92E933} = {197524AA-CC55-4485-8E5F-B8ED7BAFD3AA}
		{7752D6F8-9F53-4DA1-B4B9-C484C91737B6} = {197524AA-CC55-4485-8E5F-B8ED7BAFD3AA}
		{80EBF417-B7C9-44F6-BF22-5976B5525B7E} = {487757EC-0146-4895-ADDE-4A203090E68D}
		{324BD7BD-F8F0-4C3A-8200-91DAF04610BF} = {77E44598-3F12-4E30-B8D4-FD69D7F1D6D6}
		{8F166104-E1A3-4210-AA09-825CA3473367} = {C996FF66-0436-44B2-B2A7-DD53A18F6212}
		{D0DF8325-D4D4-4D1D-87EE-06F14128DAE8} = {68634059-882B-450E-BA7D-AF8A7A814507}
	EndGlobalSection
EndGlobal
